
Microsoft Visual Studio Solution File, Format Version 12.00
# Visual Studio Version 16
VisualStudioVersion = 16.0.29102.190
MinimumVisualStudioVersion = 10.0.40219.1
Project("{FAE04EC0-301F-11D3-BF4B-00C04F79EFBC}") = "WebApi", "WebApi\WebApi.csproj", "{9BAC1F69-04C4-4F1A-8AEF-7E2F6412EB52}"
EndProject
Project("{FAE04EC0-301F-11D3-BF4B-00C04F79EFBC}") = "WebApi.Tests", "WebApi.Tests\WebApi.Tests.csproj", "{3D417C50-24DD-4633-9CED-486AB94D2AA0}"
EndProject
Global
	GlobalSection(SolutionConfigurationPlatforms) = preSolution
		Debug|Any CPU = Debug|Any CPU
		Release|Any CPU = Release|Any CPU
	EndGlobalSection
	GlobalSection(ProjectConfigurationPlatforms) = postSolution
		{9BAC1F69-04C4-4F1A-8AEF-7E2F6412EB52}.Debug|Any CPU.ActiveCfg = Debug|Any CPU
		{9BAC1F69-04C4-4F1A-8AEF-7E2F6412EB52}.Debug|Any CPU.Build.0 = Debug|Any CPU
		{9BAC1F69-04C4-4F1A-8AEF-7E2F6412EB52}.Release|Any CPU.ActiveCfg = Release|Any CPU
		{9BAC1F69-04C4-4F1A-8AEF-7E2F6412EB52}.Release|Any CPU.Build.0 = Release|Any CPU
		{3D417C50-24DD-4633-9CED-486AB94D2AA0}.Debug|Any CPU.ActiveCfg = Debug|Any CPU
		{3D417C50-24DD-4633-9CED-486AB94D2AA0}.Debug|Any CPU.Build.0 = Debug|Any CPU
		{3D417C50-24DD-4633-9CED-486AB94D2AA0}.Release|Any CPU.ActiveCfg = Release|Any CPU
		{3D417C50-24DD-4633-9CED-486AB94D2AA0}.Release|Any CPU.Build.0 = Release|Any CPU
	EndGlobalSection
	GlobalSection(SolutionProperties) = preSolution
		HideSolutionNode = FALSE
	EndGlobalSection
	GlobalSection(ExtensibilityGlobals) = postSolution
		SolutionGuid = {6E7D0FCE-D462-4F93-8081-97DE21B5A031}
	EndGlobalSection
EndGlobal
